<?xml version="1.0" encoding="utf-8"?>
<Project ToolsVersion="4.0" xmlns="http://schemas.microsoft.com/developer/msbuild/2003">
  <ItemGroup>
    <Filter Include="Source Files">
      <UniqueIdentifier>{ef4dd512-6c77-400c-b3b7-8e11fe443224}</UniqueIdentifier>
      <Extensions>cpp;c;cxx;rc;def;r;odl;idl;hpj;bat</Extensions>
    </Filter>
    <Filter Include="Header Files">
      <UniqueIdentifier>{e8be1484-19c8-4f76-a292-648649985f26}</UniqueIdentifier>
      <Extensions>h;hpp;hxx;hm;inl</Extensions>
    </Filter>
    <Filter Include="Log">
      <UniqueIdentifier>{0ab3c5ae-142e-4f2c-b299-a203c08b9594}</UniqueIdentifier>
    </Filter>
    <Filter Include="Timer">
      <UniqueIdentifier>{5d4d4c03-ec57-4e9a-bf8e-cc700a0c60a4}</UniqueIdentifier>
    </Filter>
    <Filter Include="Fps Counter">
      <UniqueIdentifier>{b63c3190-f76e-4379-b8f4-9d5b4b87808d}</UniqueIdentifier>
    </Filter>
    <Filter Include="Window">
      <UniqueIdentifier>{ab4ceb99-bab3-4317-98df-4c45d3ddc0a9}</UniqueIdentifier>
    </Filter>
    <Filter Include="Bitmap Font">
      <UniqueIdentifier>{83dccc16-f93c-4f0f-9975-1504d6ee6d9b}</UniqueIdentifier>
    </Filter>
    <Filter Include="Resource Files">
      <UniqueIdentifier>{d46ae134-62b4-4b89-811e-b4c439b4bcfa}</UniqueIdentifier>
    </Filter>
    <Filter Include="D3D Headers">
      <UniqueIdentifier>{1482e2ec-33ac-4ce2-b469-9f5a3883f513}</UniqueIdentifier>
    </Filter>
  </ItemGroup>
  <ItemGroup>
    <ClCompile Include="main.cpp">
      <Filter>Source Files</Filter>
    </ClCompile>
    <ClCompile Include="Log\LOG.cpp">
      <Filter>Log</Filter>
    </ClCompile>
    <ClCompile Include="Timer\TIMER.cpp">
      <Filter>Timer</Filter>
    </ClCompile>
    <ClCompile Include="Fps Counter\FPS_COUNTER.cpp">
      <Filter>Fps Counter</Filter>
    </ClCompile>
    <ClCompile Include="Window\WINDOW_GetBackBufferFormat.cpp">
      <Filter>Window</Filter>
    </ClCompile>
    <ClCompile Include="Window\WINDOW_GetDepthFormat.cpp">
      <Filter>Window</Filter>
    </ClCompile>
    <ClCompile Include="Window\WINDOW_GetFullscreenFrontBufferFormat.cpp">
      <Filter>Window</Filter>
    </ClCompile>
    <ClCompile Include="Window\WINDOW_HandleMessages.cpp">
      <Filter>Window</Filter>
    </ClCompile>
    <ClCompile Include="Window\WINDOW_Init.cpp">
      <Filter>Window</Filter>
    </ClCompile>
    <ClCompile Include="Window\WINDOW_SaveScreenshot.cpp">
      <Filter>Window</Filter>
    </ClCompile>
    <ClCompile Include="Window\WINDOW_SelectModeProc.cpp">
      <Filter>Window</Filter>
    </ClCompile>
    <ClCompile Include="Window\WINDOW_Shutdown.cpp">
      <Filter>Window</Filter>
    </ClCompile>
    <ClCompile Include="Window\WINDOW_UpdateInput.cpp">
      <Filter>Window</Filter>
    </ClCompile>
    <ClCompile Include="Bitmap Font\BITMAP_FONT.cpp">
      <Filter>Bitmap Font</Filter>
    </ClCompile>
  </ItemGroup>
  <ItemGroup>
    <ClInclude Include="Main.h">
      <Filter>Header Files</Filter>
    </ClInclude>
    <ClInclude Include="Log\LOG.h">
      <Filter>Log</Filter>
    </ClInclude>
    <ClInclude Include="Timer\TIMER.h">
      <Filter>Timer</Filter>
    </ClInclude>
    <ClInclude Include="Fps Counter\FPS_COUNTER.h">
      <Filter>Fps Counter</Filter>
    </ClInclude>
    <ClInclude Include="Window\WINDOW.h">
      <Filter>Window</Filter>
    </ClInclude>
    <ClInclude Include="Bitmap Font\BITMAP_FONT.h">
      <Filter>Bitmap Font</Filter>
    </ClInclude>
    <ClInclude Include="Resources\resource.h">
      <Filter>Resource Files</Filter>
    </ClInclude>
    <ClInclude Include="..\..\..\..\..\Dxsdk\include\d3d8.h">
      <Filter>D3D Headers</Filter>
    </ClInclude>
    <ClInclude Include="..\..\..\..\..\Dxsdk\include\d3d8caps.h">
      <Filter>D3D Headers</Filter>
    </ClInclude>
    <ClInclude Include="..\..\..\..\..\Dxsdk\include\d3d8types.h">
      <Filter>D3D Headers</Filter>
    </ClInclude>
    <ClInclude Include="..\..\..\..\..\Dxsdk\include\d3dx8.h">
      <Filter>D3D Headers</Filter>
    </ClInclude>
    <ClInclude Include="..\..\..\..\..\Dxsdk\include\d3dx8core.h">
      <Filter>D3D Headers</Filter>
    </ClInclude>
    <ClInclude Include="..\..\..\..\..\Dxsdk\include\d3dx8effect.h">
      <Filter>D3D Headers</Filter>
    </ClInclude>
    <ClInclude Include="..\..\..\..\..\Dxsdk\include\d3dx8math.h">
      <Filter>D3D Headers</Filter>
    </ClInclude>
    <ClInclude Include="..\..\..\..\..\Dxsdk\include\d3dx8mesh.h">
      <Filter>D3D Headers</Filter>
    </ClInclude>
    <ClInclude Include="..\..\..\..\..\Dxsdk\include\d3dx8shape.h">
      <Filter>D3D Headers</Filter>
    </ClInclude>
    <ClInclude Include="..\..\..\..\..\Dxsdk\include\d3dx8tex.h">
      <Filter>D3D Headers</Filter>
    </ClInclude>
    <ClInclude Include="..\..\..\..\..\Dxsdk\include\dxfile.h">
      <Filter>D3D Headers</Filter>
    </ClInclude>
  </ItemGroup>
  <ItemGroup>
    <ResourceCompile Include="Resources\Resolution.rc">
      <Filter>Resource Files</Filter>
    </ResourceCompile>
  </ItemGroup>
  <ItemGroup>
    <None Include="..\..\..\..\..\Dxsdk\include\d3dx8math.inl">
      <Filter>D3D Headers</Filter>
    </None>
  </ItemGroup>
  <ItemGroup>
    <Text Include="celVS.txt" />
  </ItemGroup>
</Project>