
Microsoft Visual Studio Solution File, Format Version 12.00
# Visual Studio Version 16
VisualStudioVersion = 16.0.30320.27
MinimumVisualStudioVersion = 10.0.40219.1
Project("{8BC9CEB8-8B4A-11D0-8D11-00A0C91BC942}") = "Project", "Project.vcxproj", "{7451DBAA-57F7-40B6-93DB-FD2F60ED4F92}"
EndProject
Global
	GlobalSection(SolutionConfigurationPlatforms) = preSolution
		Debug|Win32 = Debug|Win32
		Release|Win32 = Release|Win32
	EndGlobalSection
	GlobalSection(ProjectConfigurationPlatforms) = postSolution
		{7451DBAA-57F7-40B6-93DB-FD2F60ED4F92}.Debug|Win32.ActiveCfg = Debug|Win32
		{7451DBAA-57F7-40B6-93DB-FD2F60ED4F92}.Debug|Win32.Build.0 = Debug|Win32
		{7451DBAA-57F7-40B6-93DB-FD2F60ED4F92}.Release|Win32.ActiveCfg = Release|Win32
		{7451DBAA-57F7-40B6-93DB-FD2F60ED4F92}.Release|Win32.Build.0 = Release|Win32
	EndGlobalSection
	GlobalSection(SolutionProperties) = preSolution
		HideSolutionNode = FALSE
	EndGlobalSection
	GlobalSection(ExtensibilityGlobals) = postSolution
		SolutionGuid = {B754C01F-8BF0-4B15-854E-E35B9E9C76D3}
	EndGlobalSection
EndGlobal
