<?xml version="1.0" encoding="utf-8"?>
<Project ToolsVersion="4.0" xmlns="http://schemas.microsoft.com/developer/msbuild/2003">
  <ItemGroup>
    <Filter Include="98. Headers">
      <UniqueIdentifier>{1b035dd5-9fba-4843-8a7c-c6a87effce6a}</UniqueIdentifier>
    </Filter>
    <Filter Include="97. Engine">
      <UniqueIdentifier>{7cc16684-3811-4cbe-a2db-2c942b9484d2}</UniqueIdentifier>
    </Filter>
    <Filter Include="97. Engine\00. System">
      <UniqueIdentifier>{28c1b08f-f1df-4aff-84fe-11b85d4607aa}</UniqueIdentifier>
    </Filter>
    <Filter Include="97. Engine\01. Utility">
      <UniqueIdentifier>{051336df-54aa-4812-906d-c663c51f9af8}</UniqueIdentifier>
    </Filter>
    <Filter Include="97. Engine\00. System\00. Device">
      <UniqueIdentifier>{5d5b518c-5cd9-4c5a-b9fc-8b2ec453efe0}</UniqueIdentifier>
    </Filter>
    <Filter Include="97. Engine\99. Base">
      <UniqueIdentifier>{92e93de1-2c9f-4861-ae52-a4b8e8e1e0f9}</UniqueIdentifier>
    </Filter>
    <Filter Include="00. MainApp">
      <UniqueIdentifier>{0a7fe98e-453a-4657-bb9c-c4949c4c63e9}</UniqueIdentifier>
    </Filter>
    <Filter Include="97. Engine\00. System\01. Timer">
      <UniqueIdentifier>{c2da4c1a-aa43-4ecb-a8ca-d6c881cc731e}</UniqueIdentifier>
    </Filter>
    <Filter Include="97. Engine\00. System\01. Timer\00. Timer">
      <UniqueIdentifier>{611bab75-0c76-4271-b762-587acf204ff5}</UniqueIdentifier>
    </Filter>
    <Filter Include="97. Engine\00. System\02. Frame">
      <UniqueIdentifier>{10d0e0c9-b359-4c0b-90c6-a961c1392ff2}</UniqueIdentifier>
    </Filter>
    <Filter Include="97. Engine\00. System\01. Timer\01. TimerManager">
      <UniqueIdentifier>{5bfa7fe9-afa8-4209-84db-9f4610a6fca7}</UniqueIdentifier>
    </Filter>
    <Filter Include="97. Engine\00. System\02. Frame\00. Frame">
      <UniqueIdentifier>{2db2ff42-0176-4103-8e9f-0c6a122bcf97}</UniqueIdentifier>
    </Filter>
    <Filter Include="97. Engine\00. System\02. Frame\01. FrameManager">
      <UniqueIdentifier>{fd02caef-ba32-445d-a21c-ae866ab1cbc4}</UniqueIdentifier>
    </Filter>
    <Filter Include="97. Engine\01. Utility\00. Manangement">
      <UniqueIdentifier>{0463538d-aa1b-4d44-9590-5c3476e0810e}</UniqueIdentifier>
    </Filter>
    <Filter Include="97. Engine\01. Utility\01. GameObject">
      <UniqueIdentifier>{e08f6587-c16e-4e57-b18c-05b67c80814e}</UniqueIdentifier>
    </Filter>
    <Filter Include="97. Engine\01. Utility\02. Component">
      <UniqueIdentifier>{a57c2566-3b2f-49e4-8e62-996543eab599}</UniqueIdentifier>
    </Filter>
    <Filter Include="97. Engine\01. Utility\02. Component\00. Mananger">
      <UniqueIdentifier>{f21b2e04-6401-43d1-962c-aee6dc9229e4}</UniqueIdentifier>
    </Filter>
    <Filter Include="97. Engine\01. Utility\02. Component\01. Component">
      <UniqueIdentifier>{e227cf84-64ec-4c49-8eb9-74c7310a53bf}</UniqueIdentifier>
    </Filter>
    <Filter Include="97. Engine\01. Utility\01. GameObject\00. Layer">
      <UniqueIdentifier>{efed9266-200d-440b-a2bc-a421d37e3e64}</UniqueIdentifier>
    </Filter>
    <Filter Include="97. Engine\01. Utility\01. GameObject\01. Manager">
      <UniqueIdentifier>{b16cdd62-c0a3-425f-96f1-dcc58086046d}</UniqueIdentifier>
    </Filter>
    <Filter Include="97. Engine\01. Utility\01. GameObject\00. Layer\00. GameObject">
      <UniqueIdentifier>{30de54a3-d829-444b-9589-a9c8749ac327}</UniqueIdentifier>
    </Filter>
    <Filter Include="97. Engine\01. Utility\00. Manangement\00. Scene">
      <UniqueIdentifier>{cc4a6477-4815-4871-9d59-6f5bdf8db5c9}</UniqueIdentifier>
    </Filter>
    <Filter Include="01. Scene">
      <UniqueIdentifier>{d44b28a0-de8a-4568-8292-52206d5953ee}</UniqueIdentifier>
    </Filter>
    <Filter Include="01. Scene\00. Scene_Logo">
      <UniqueIdentifier>{fb2335d9-ac13-4a9a-b712-40dddcbdbc9a}</UniqueIdentifier>
    </Filter>
    <Filter Include="02. GameObject">
      <UniqueIdentifier>{b568469d-a84b-4316-99c7-59d57cb1cb19}</UniqueIdentifier>
    </Filter>
    <Filter Include="02. GameObject\99. Default">
      <UniqueIdentifier>{ceedbbed-268a-41bf-9af5-6e598a32a57d}</UniqueIdentifier>
    </Filter>
    <Filter Include="02. GameObject\99. Default\00. Rect">
      <UniqueIdentifier>{d9e6a26f-72e7-4253-87b7-872f2c0f3a8c}</UniqueIdentifier>
    </Filter>
    <Filter Include="97. Engine\01. Utility\02. Component\01. Component\00. VIBuffer">
      <UniqueIdentifier>{fe0efd13-d3cb-4284-8daa-c4ab6b610f5a}</UniqueIdentifier>
    </Filter>
    <Filter Include="97. Engine\01. Utility\02. Component\01. Component\01. Transform">
      <UniqueIdentifier>{e3787958-af7a-405b-a83e-3cdddd1931ee}</UniqueIdentifier>
    </Filter>
    <Filter Include="97. Engine\01. Utility\02. Component\01. Component\02. Renderer">
      <UniqueIdentifier>{421e2682-050a-49b5-82d4-e595382fe737}</UniqueIdentifier>
    </Filter>
    <Filter Include="97. Engine\01. Utility\02. Component\01. Component\00. VIBuffer\00. Buffer_TriCol">
      <UniqueIdentifier>{60bbc1d2-7014-4ac7-8cb1-fa2bc8b8dccc}</UniqueIdentifier>
    </Filter>
    <Filter Include="99. Default">
      <UniqueIdentifier>{d6dc74ad-23bc-420a-9504-ed7a065b595b}</UniqueIdentifier>
    </Filter>
    <Filter Include="02. GameObject\98. Public">
      <UniqueIdentifier>{dc96332a-ecda-4019-8f52-ae62b8141e69}</UniqueIdentifier>
    </Filter>
    <Filter Include="02. GameObject\98. Public\00. Camera">
      <UniqueIdentifier>{fb4789d8-2b4b-45a8-afbf-47bc7129dec9}</UniqueIdentifier>
    </Filter>
    <Filter Include="97. Engine\00. System\03. Input">
      <UniqueIdentifier>{1fe4a941-4cab-4a8f-8c23-8276721853de}</UniqueIdentifier>
    </Filter>
    <Filter Include="02. GameObject\98. Public\00. Camera\00. Debug_Camera">
      <UniqueIdentifier>{33eb5154-74d6-47a6-be6f-537af9c95def}</UniqueIdentifier>
    </Filter>
    <Filter Include="96. ShaderFiles">
      <UniqueIdentifier>{7925c94e-a055-4ee0-86a3-fc47de7ad026}</UniqueIdentifier>
    </Filter>
    <Filter Include="97. Engine\01. Utility\02. Component\01. Component\03. Shader">
      <UniqueIdentifier>{9d88ed7d-28da-46f1-acdf-ce5040447a53}</UniqueIdentifier>
    </Filter>
    <Filter Include="97. Engine\01. Utility\02. Component\01. Component\00. VIBuffer\01. Buffer_RectCol">
      <UniqueIdentifier>{84b43483-5236-46b2-9bcc-5f81174f7747}</UniqueIdentifier>
    </Filter>
    <Filter Include="97. Engine\01. Utility\02. Component\01. Component\00. VIBuffer\02. Buffer_RectTex">
      <UniqueIdentifier>{973ab3d8-ec73-4a12-93b0-befec34d9bf9}</UniqueIdentifier>
    </Filter>
    <Filter Include="97. Engine\01. Utility\02. Component\01. Component\00. VIBuffer\03. Buffer_CubeCol">
      <UniqueIdentifier>{2909c51e-a821-44b7-ac69-51fc9ad222cb}</UniqueIdentifier>
    </Filter>
    <Filter Include="02. GameObject\99. Default\01. Cube">
      <UniqueIdentifier>{f93f5cbb-799e-41ac-a89b-3317e260a222}</UniqueIdentifier>
    </Filter>
    <Filter Include="02. GameObject\99. Default\02. TextureRect">
      <UniqueIdentifier>{c3ef9a8c-64e7-4897-ac27-33bb409744f8}</UniqueIdentifier>
    </Filter>
    <Filter Include="97. Engine\01. Utility\02. Component\01. Component\04. Texture">
      <UniqueIdentifier>{ca30891b-1c2e-4e27-a563-84248b881faa}</UniqueIdentifier>
    </Filter>
    <Filter Include="97. Engine\01. Utility\02. Component\01. Component\00. VIBuffer\04. Buffer_Terrain">
      <UniqueIdentifier>{6d522831-2e87-45ec-b599-45ef10eda5c4}</UniqueIdentifier>
    </Filter>
    <Filter Include="02. GameObject\99. Default\03. Terrain">
      <UniqueIdentifier>{1c4a7a90-f915-4efa-a8ae-9757295bdf48}</UniqueIdentifier>
    </Filter>
    <Filter Include="02. GameObject\99. Default\04. Texture_Terrain">
      <UniqueIdentifier>{4e208349-b4f9-46a4-8b1e-9e5d4b4efcc3}</UniqueIdentifier>
    </Filter>
    <Filter Include="97. Engine\01. Utility\02. Component\01. Component\00. VIBuffer\05. Buffer_Terrain_Texture">
      <UniqueIdentifier>{3b66ac16-7377-4af5-b32d-0f0305c3074a}</UniqueIdentifier>
    </Filter>
  </ItemGroup>
  <ItemGroup>
    <ClInclude Include="Resource.h">
      <Filter>99. Default</Filter>
    </ClInclude>
    <ClInclude Include="framework.h">
      <Filter>99. Default</Filter>
    </ClInclude>
    <ClInclude Include="targetver.h">
      <Filter>99. Default</Filter>
    </ClInclude>
    <ClInclude Include="TempDX12.h">
      <Filter>99. Default</Filter>
    </ClInclude>
    <ClInclude Include="Define.h">
      <Filter>98. Headers</Filter>
    </ClInclude>
    <ClInclude Include="Extern.h">
      <Filter>98. Headers</Filter>
    </ClInclude>
    <ClInclude Include="Function.h">
      <Filter>98. Headers</Filter>
    </ClInclude>
    <ClInclude Include="Struct.h">
      <Filter>98. Headers</Filter>
    </ClInclude>
    <ClInclude Include="Typedef.h">
      <Filter>98. Headers</Filter>
    </ClInclude>
    <ClInclude Include="Base.h">
      <Filter>97. Engine\99. Base</Filter>
    </ClInclude>
    <ClInclude Include="Funtor.h">
      <Filter>98. Headers</Filter>
    </ClInclude>
    <ClInclude Include="System.h">
      <Filter>97. Engine\00. System</Filter>
    </ClInclude>
    <ClInclude Include="Timer.h">
      <Filter>97. Engine\00. System\01. Timer\00. Timer</Filter>
    </ClInclude>
    <ClInclude Include="TimerManager.h">
      <Filter>97. Engine\00. System\01. Timer\01. TimerManager</Filter>
    </ClInclude>
    <ClInclude Include="Frame.h">
      <Filter>97. Engine\00. System\02. Frame\00. Frame</Filter>
    </ClInclude>
    <ClInclude Include="FrameManager.h">
      <Filter>97. Engine\00. System\02. Frame\01. FrameManager</Filter>
    </ClInclude>
    <ClInclude Include="Device.h">
      <Filter>97. Engine\00. System\00. Device</Filter>
    </ClInclude>
    <ClInclude Include="MainApp.h">
      <Filter>00. MainApp</Filter>
    </ClInclude>
    <ClInclude Include="Component_Manager.h">
      <Filter>97. Engine\01. Utility\02. Component\00. Mananger</Filter>
    </ClInclude>
    <ClInclude Include="Component.h">
      <Filter>97. Engine\01. Utility\02. Component\01. Component</Filter>
    </ClInclude>
    <ClInclude Include="Layer.h">
      <Filter>97. Engine\01. Utility\01. GameObject\00. Layer</Filter>
    </ClInclude>
    <ClInclude Include="GameObject_Manager.h">
      <Filter>97. Engine\01. Utility\01. GameObject\01. Manager</Filter>
    </ClInclude>
    <ClInclude Include="GameObject.h">
      <Filter>97. Engine\01. Utility\01. GameObject\00. Layer\00. GameObject</Filter>
    </ClInclude>
    <ClInclude Include="Management.h">
      <Filter>97. Engine\01. Utility\00. Manangement</Filter>
    </ClInclude>
    <ClInclude Include="Scene.h">
      <Filter>97. Engine\01. Utility\00. Manangement\00. Scene</Filter>
    </ClInclude>
    <ClInclude Include="Scene_Logo.h">
      <Filter>01. Scene\00. Scene_Logo</Filter>
    </ClInclude>
    <ClInclude Include="VIBuffer.h">
      <Filter>97. Engine\01. Utility\02. Component\01. Component\00. VIBuffer</Filter>
    </ClInclude>
    <ClInclude Include="Buffer_TriCol.h">
      <Filter>97. Engine\01. Utility\02. Component\01. Component\00. VIBuffer\00. Buffer_TriCol</Filter>
    </ClInclude>
    <ClInclude Include="Renderer.h">
      <Filter>97. Engine\01. Utility\02. Component\01. Component\02. Renderer</Filter>
    </ClInclude>
    <ClInclude Include="Transform.h">
      <Filter>97. Engine\01. Utility\02. Component\01. Component\01. Transform</Filter>
    </ClInclude>
    <ClInclude Include="Camera.h">
      <Filter>02. GameObject\98. Public\00. Camera</Filter>
    </ClInclude>
    <ClInclude Include="Input.h">
      <Filter>97. Engine\00. System\03. Input</Filter>
    </ClInclude>
    <ClInclude Include="Debug_Camera.h">
      <Filter>02. GameObject\98. Public\00. Camera\00. Debug_Camera</Filter>
    </ClInclude>
    <ClInclude Include="Shader.h">
      <Filter>97. Engine\01. Utility\02. Component\01. Component\03. Shader</Filter>
    </ClInclude>
    <ClInclude Include="Buffer_RectTex.h">
      <Filter>97. Engine\01. Utility\02. Component\01. Component\00. VIBuffer\02. Buffer_RectTex</Filter>
    </ClInclude>
    <ClInclude Include="Buffer_CubeCol.h">
      <Filter>97. Engine\01. Utility\02. Component\01. Component\00. VIBuffer\03. Buffer_CubeCol</Filter>
    </ClInclude>
    <ClInclude Include="Cube.h">
      <Filter>02. GameObject\99. Default\01. Cube</Filter>
    </ClInclude>
    <ClInclude Include="Buffer_RectCol.h">
      <Filter>97. Engine\01. Utility\02. Component\01. Component\00. VIBuffer\01. Buffer_RectCol</Filter>
    </ClInclude>
    <ClInclude Include="Rect.h">
      <Filter>02. GameObject\99. Default\00. Rect</Filter>
    </ClInclude>
    <ClInclude Include="TextureRect.h">
      <Filter>02. GameObject\99. Default\02. TextureRect</Filter>
    </ClInclude>
    <ClInclude Include="Texture.h">
      <Filter>97. Engine\01. Utility\02. Component\01. Component\04. Texture</Filter>
    </ClInclude>
    <ClInclude Include="DDSTextureLoader.h">
      <Filter>99. Default</Filter>
    </ClInclude>
    <ClInclude Include="Buffer_Terrain.h">
      <Filter>97. Engine\01. Utility\02. Component\01. Component\00. VIBuffer\04. Buffer_Terrain</Filter>
    </ClInclude>
    <ClInclude Include="Terrain.h">
      <Filter>02. GameObject\99. Default\03. Terrain</Filter>
    </ClInclude>
    <ClInclude Include="Texture_Terrain.h">
      <Filter>02. GameObject\99. Default\04. Texture_Terrain</Filter>
    </ClInclude>
    <ClInclude Include="Buffer_Terrain_Texture.h">
      <Filter>97. Engine\01. Utility\02. Component\01. Component\00. VIBuffer\05. Buffer_Terrain_Texture</Filter>
    </ClInclude>
  </ItemGroup>
  <ItemGroup>
    <Image Include="TempDX12.ico">
      <Filter>99. Default</Filter>
    </Image>
    <Image Include="small.ico">
      <Filter>99. Default</Filter>
    </Image>
  </ItemGroup>
  <ItemGroup>
    <ResourceCompile Include="TempDX12.rc">
      <Filter>99. Default</Filter>
    </ResourceCompile>
  </ItemGroup>
  <ItemGroup>
    <ClCompile Include="TempDX12.cpp">
      <Filter>99. Default</Filter>
    </ClCompile>
    <ClCompile Include="Base.cpp">
      <Filter>97. Engine\99. Base</Filter>
    </ClCompile>
    <ClCompile Include="System.cpp">
      <Filter>97. Engine\00. System</Filter>
    </ClCompile>
    <ClCompile Include="Timer.cpp">
      <Filter>97. Engine\00. System\01. Timer\00. Timer</Filter>
    </ClCompile>
    <ClCompile Include="TimerManager.cpp">
      <Filter>97. Engine\00. System\01. Timer\01. TimerManager</Filter>
    </ClCompile>
    <ClCompile Include="Frame.cpp">
      <Filter>97. Engine\00. System\02. Frame\00. Frame</Filter>
    </ClCompile>
    <ClCompile Include="FrameManager.cpp">
      <Filter>97. Engine\00. System\02. Frame\01. FrameManager</Filter>
    </ClCompile>
    <ClCompile Include="Device.cpp">
      <Filter>97. Engine\00. System\00. Device</Filter>
    </ClCompile>
    <ClCompile Include="MainApp.cpp">
      <Filter>00. MainApp</Filter>
    </ClCompile>
    <ClCompile Include="Component_Manager.cpp">
      <Filter>97. Engine\01. Utility\02. Component\00. Mananger</Filter>
    </ClCompile>
    <ClCompile Include="Component.cpp">
      <Filter>97. Engine\01. Utility\02. Component\01. Component</Filter>
    </ClCompile>
    <ClCompile Include="Layer.cpp">
      <Filter>97. Engine\01. Utility\01. GameObject\00. Layer</Filter>
    </ClCompile>
    <ClCompile Include="GameObject_Manager.cpp">
      <Filter>97. Engine\01. Utility\01. GameObject\01. Manager</Filter>
    </ClCompile>
    <ClCompile Include="GameObject.cpp">
      <Filter>97. Engine\01. Utility\01. GameObject\00. Layer\00. GameObject</Filter>
    </ClCompile>
    <ClCompile Include="Management.cpp">
      <Filter>97. Engine\01. Utility\00. Manangement</Filter>
    </ClCompile>
    <ClCompile Include="Scene.cpp">
      <Filter>97. Engine\01. Utility\00. Manangement\00. Scene</Filter>
    </ClCompile>
    <ClCompile Include="Scene_Logo.cpp">
      <Filter>01. Scene\00. Scene_Logo</Filter>
    </ClCompile>
    <ClCompile Include="VIBuffer.cpp">
      <Filter>97. Engine\01. Utility\02. Component\01. Component\00. VIBuffer</Filter>
    </ClCompile>
    <ClCompile Include="Buffer_TriCol.cpp">
      <Filter>97. Engine\01. Utility\02. Component\01. Component\00. VIBuffer\00. Buffer_TriCol</Filter>
    </ClCompile>
    <ClCompile Include="Renderer.cpp">
      <Filter>97. Engine\01. Utility\02. Component\01. Component\02. Renderer</Filter>
    </ClCompile>
    <ClCompile Include="Transform.cpp">
      <Filter>97. Engine\01. Utility\02. Component\01. Component\01. Transform</Filter>
    </ClCompile>
    <ClCompile Include="Camera.cpp">
      <Filter>02. GameObject\98. Public\00. Camera</Filter>
    </ClCompile>
    <ClCompile Include="Input.cpp">
      <Filter>97. Engine\00. System\03. Input</Filter>
    </ClCompile>
    <ClCompile Include="Debug_Camera.cpp">
      <Filter>02. GameObject\98. Public\00. Camera\00. Debug_Camera</Filter>
    </ClCompile>
    <ClCompile Include="Shader.cpp">
      <Filter>97. Engine\01. Utility\02. Component\01. Component\03. Shader</Filter>
    </ClCompile>
    <ClCompile Include="Buffer_RectTex.cpp">
      <Filter>97. Engine\01. Utility\02. Component\01. Component\00. VIBuffer\02. Buffer_RectTex</Filter>
    </ClCompile>
    <ClCompile Include="Buffer_CubeCol.cpp">
      <Filter>97. Engine\01. Utility\02. Component\01. Component\00. VIBuffer\03. Buffer_CubeCol</Filter>
    </ClCompile>
    <ClCompile Include="Cube.cpp">
      <Filter>02. GameObject\99. Default\01. Cube</Filter>
    </ClCompile>
    <ClCompile Include="Buffer_RectCol.cpp">
      <Filter>97. Engine\01. Utility\02. Component\01. Component\00. VIBuffer\01. Buffer_RectCol</Filter>
    </ClCompile>
    <ClCompile Include="Rect.cpp">
      <Filter>02. GameObject\99. Default\00. Rect</Filter>
    </ClCompile>
    <ClCompile Include="TextureRect.cpp">
      <Filter>02. GameObject\99. Default\02. TextureRect</Filter>
    </ClCompile>
    <ClCompile Include="Texture.cpp">
      <Filter>97. Engine\01. Utility\02. Component\01. Component\04. Texture</Filter>
    </ClCompile>
    <ClCompile Include="DDSTextureLoader.cpp">
      <Filter>99. Default</Filter>
    </ClCompile>
    <ClCompile Include="Buffer_Terrain.cpp">
      <Filter>97. Engine\01. Utility\02. Component\01. Component\00. VIBuffer\04. Buffer_Terrain</Filter>
    </ClCompile>
    <ClCompile Include="Terrain.cpp">
      <Filter>02. GameObject\99. Default\03. Terrain</Filter>
    </ClCompile>
    <ClCompile Include="Texture_Terrain.cpp">
      <Filter>02. GameObject\99. Default\04. Texture_Terrain</Filter>
    </ClCompile>
    <ClCompile Include="Buffer_Terrain_Texture.cpp">
      <Filter>97. Engine\01. Utility\02. Component\01. Component\00. VIBuffer\05. Buffer_Terrain_Texture</Filter>
    </ClCompile>
  </ItemGroup>
  <ItemGroup>
    <None Include="..\ShaderFiles\Shader_Default.hlsl">
      <Filter>96. ShaderFiles</Filter>
    </None>
    <None Include="..\ShaderFiles\Shader_Texture.hlsl">
      <Filter>96. ShaderFiles</Filter>
    </None>
    <None Include="..\ShaderFiles\Shader_Terrain.hlsl">
      <Filter>96. ShaderFiles</Filter>
    </None>
    <None Include="..\ShaderFiles\Shader_Terrain_Texture.hlsl">
      <Filter>96. ShaderFiles</Filter>
    </None>
  </ItemGroup>
</Project>