
Microsoft Visual Studio Solution File, Format Version 12.00
# Visual Studio 15
VisualStudioVersion = 15.0.28307.1062
MinimumVisualStudioVersion = 10.0.40219.1
Project("{8BC9CEB8-8B4A-11D0-8D11-00A0C91BC942}") = "ServerTest", "ServerTest\ServerTest.vcxproj", "{DFA20959-9FD2-415E-BCD7-526B7C5AD355}"
EndProject
Global
	GlobalSection(SolutionConfigurationPlatforms) = preSolution
		Debug|x64 = Debug|x64
		Debug|x86 = Debug|x86
		Release|x64 = Release|x64
		Release|x86 = Release|x86
	EndGlobalSection
	GlobalSection(ProjectConfigurationPlatforms) = postSolution
		{DFA20959-9FD2-415E-BCD7-526B7C5AD355}.Debug|x64.ActiveCfg = Debug|x64
		{DFA20959-9FD2-415E-BCD7-526B7C5AD355}.Debug|x64.Build.0 = Debug|x64
		{DFA20959-9FD2-415E-BCD7-526B7C5AD355}.Debug|x86.ActiveCfg = Debug|Win32
		{DFA20959-9FD2-415E-BCD7-526B7C5AD355}.Debug|x86.Build.0 = Debug|Win32
		{DFA20959-9FD2-415E-BCD7-526B7C5AD355}.Release|x64.ActiveCfg = Release|x64
		{DFA20959-9FD2-415E-BCD7-526B7C5AD355}.Release|x64.Build.0 = Release|x64
		{DFA20959-9FD2-415E-BCD7-526B7C5AD355}.Release|x86.ActiveCfg = Release|Win32
		{DFA20959-9FD2-415E-BCD7-526B7C5AD355}.Release|x86.Build.0 = Release|Win32
	EndGlobalSection
	GlobalSection(SolutionProperties) = preSolution
		HideSolutionNode = FALSE
	EndGlobalSection
	GlobalSection(ExtensibilityGlobals) = postSolution
		SolutionGuid = {8CAD9614-3076-457A-BD8B-DE557CC6EF48}
	EndGlobalSection
EndGlobal
